
Microsoft Visual Studio Solution File, Format Version 11.00
# Visual Studio 2010
Project("{FAE04EC0-301F-11D3-BF4B-00C04F79EFBC}") = "Gossip", "Gossip\Gossip.csproj", "{48436E8F-9520-462A-B979-82ED0ED128DF}"
EndProject
Global
	GlobalSection(SolutionConfigurationPlatforms) = preSolution
		Debug|iPhoneSimulator = Debug|iPhoneSimulator
		Release|iPhoneSimulator = Release|iPhoneSimulator
		Debug|iPhone = Debug|iPhone
		Release|iPhone = Release|iPhone
		Ad-Hoc|iPhone = Ad-Hoc|iPhone
		AppStore|iPhone = AppStore|iPhone
	EndGlobalSection
	GlobalSection(ProjectConfigurationPlatforms) = postSolution
		{48436E8F-9520-462A-B979-82ED0ED128DF}.Ad-Hoc|iPhone.ActiveCfg = Ad-Hoc|iPhone
		{48436E8F-9520-462A-B979-82ED0ED128DF}.Ad-Hoc|iPhone.Build.0 = Ad-Hoc|iPhone
		{48436E8F-9520-462A-B979-82ED0ED128DF}.AppStore|iPhone.ActiveCfg = AppStore|iPhone
		{48436E8F-9520-462A-B979-82ED0ED128DF}.AppStore|iPhone.Build.0 = AppStore|iPhone
		{48436E8F-9520-462A-B979-82ED0ED128DF}.Debug|iPhone.ActiveCfg = Debug|iPhone
		{48436E8F-9520-462A-B979-82ED0ED128DF}.Debug|iPhone.Build.0 = Debug|iPhone
		{48436E8F-9520-462A-B979-82ED0ED128DF}.Debug|iPhoneSimulator.ActiveCfg = Debug|iPhoneSimulator
		{48436E8F-9520-462A-B979-82ED0ED128DF}.Debug|iPhoneSimulator.Build.0 = Debug|iPhoneSimulator
		{48436E8F-9520-462A-B979-82ED0ED128DF}.Release|iPhone.ActiveCfg = Release|iPhone
		{48436E8F-9520-462A-B979-82ED0ED128DF}.Release|iPhone.Build.0 = Release|iPhone
		{48436E8F-9520-462A-B979-82ED0ED128DF}.Release|iPhoneSimulator.ActiveCfg = Release|iPhoneSimulator
		{48436E8F-9520-462A-B979-82ED0ED128DF}.Release|iPhoneSimulator.Build.0 = Release|iPhoneSimulator
	EndGlobalSection
	GlobalSection(MonoDevelopProperties) = preSolution
		StartupItem = Gossip\Gossip.csproj
	EndGlobalSection
EndGlobal
